{
  "name": "tree-sitter-sql-bigquery",
  "version": "0.0.22",
  "lockfileVersion": 2,
  "requires": true,
  "packages": {
    "": {
      "name": "tree-sitter-sql-bigquery",
      "version": "0.0.22",
      "license": "MIT",
      "dependencies": {
        "nan": "^2.14.2"
      },
      "devDependencies": {
        "graphviz": "^0.0.9",
        "prettier": "^2.4.1",
        "tree-sitter-cli": "^0.20.6"
      }
    },
    "node_modules/graphviz": {
      "version": "0.0.9",
      "dev": true,
      "license": "GPL-3.0",
      "dependencies": {
        "temp": "~0.4.0"
      },
      "engines": {
        "node": ">=0.6.8"
      }
    },
    "node_modules/nan": {
      "version": "2.15.0",
      "license": "MIT"
    },
    "node_modules/prettier": {
      "version": "2.7.1",
      "resolved": "https://registry.npmjs.org/prettier/-/prettier-2.7.1.tgz",
      "integrity": "sha512-ujppO+MkdPqoVINuDFDRLClm7D78qbDt0/NR+wp5FqEZOoTNAjPHWj17QRhu7geIHJfcNhRk1XVQmF8Bp3ye+g==",
      "dev": true,
      "bin": {
        "prettier": "bin-prettier.js"
      },
      "engines": {
        "node": ">=10.13.0"
      },
      "funding": {
        "url": "https://github.com/prettier/prettier?sponsor=1"
      }
    },
    "node_modules/temp": {
      "version": "0.4.0",
      "dev": true,
      "engines": [
        "node >=0.4.0"
      ]
    },
    "node_modules/tree-sitter-cli": {
      "version": "0.20.6",
      "dev": true,
      "hasInstallScript": true,
      "license": "MIT",
      "bin": {
        "tree-sitter": "cli.js"
      }
    }
  },
  "dependencies": {
    "graphviz": {
      "version": "0.0.9",
      "dev": true,
      "requires": {
        "temp": "~0.4.0"
      }
    },
    "nan": {
      "version": "2.15.0"
    },
    "prettier": {
      "version": "2.7.1",
      "resolved": "https://registry.npmjs.org/prettier/-/prettier-2.7.1.tgz",
      "integrity": "sha512-ujppO+MkdPqoVINuDFDRLClm7D78qbDt0/NR+wp5FqEZOoTNAjPHWj17QRhu7geIHJfcNhRk1XVQmF8Bp3ye+g==",
      "dev": true
    },
    "temp": {
      "version": "0.4.0",
      "dev": true
    },
    "tree-sitter-cli": {
      "version": "0.20.6",
      "dev": true
    }
  }
}
